
Microsoft Visual Studio Solution File, Format Version 12.00
# Visual Studio Version 17
VisualStudioVersion = 17.3.32819.101
MinimumVisualStudioVersion = 10.0.40219.1
Project("{FAE04EC0-301F-11D3-BF4B-00C04F79EFBC}") = "Ejercicio 1", "Ejercicio 1\Ejercicio 1.csproj", "{94A0D413-9769-4446-9A19-E83B24EE882A}"
EndProject
Project("{2150E333-8FDC-42A3-9474-1A3956D46DE8}") = "Ejercicio 1", "Ejercicio 1", "{F83E9A34-5AD6-4867-BF05-7CB9589CA201}"
EndProject
Project("{FAE04EC0-301F-11D3-BF4B-00C04F79EFBC}") = "Entidades", "Entidades\Entidades.csproj", "{D8761D85-9016-4D3F-87B7-3FB23C95C004}"
EndProject
Global
	GlobalSection(SolutionConfigurationPlatforms) = preSolution
		Debug|Any CPU = Debug|Any CPU
		Release|Any CPU = Release|Any CPU
	EndGlobalSection
	GlobalSection(ProjectConfigurationPlatforms) = postSolution
		{94A0D413-9769-4446-9A19-E83B24EE882A}.Debug|Any CPU.ActiveCfg = Debug|Any CPU
		{94A0D413-9769-4446-9A19-E83B24EE882A}.Debug|Any CPU.Build.0 = Debug|Any CPU
		{94A0D413-9769-4446-9A19-E83B24EE882A}.Release|Any CPU.ActiveCfg = Release|Any CPU
		{94A0D413-9769-4446-9A19-E83B24EE882A}.Release|Any CPU.Build.0 = Release|Any CPU
		{D8761D85-9016-4D3F-87B7-3FB23C95C004}.Debug|Any CPU.ActiveCfg = Debug|Any CPU
		{D8761D85-9016-4D3F-87B7-3FB23C95C004}.Debug|Any CPU.Build.0 = Debug|Any CPU
		{D8761D85-9016-4D3F-87B7-3FB23C95C004}.Release|Any CPU.ActiveCfg = Release|Any CPU
		{D8761D85-9016-4D3F-87B7-3FB23C95C004}.Release|Any CPU.Build.0 = Release|Any CPU
	EndGlobalSection
	GlobalSection(SolutionProperties) = preSolution
		HideSolutionNode = FALSE
	EndGlobalSection
	GlobalSection(NestedProjects) = preSolution
		{94A0D413-9769-4446-9A19-E83B24EE882A} = {F83E9A34-5AD6-4867-BF05-7CB9589CA201}
		{D8761D85-9016-4D3F-87B7-3FB23C95C004} = {F83E9A34-5AD6-4867-BF05-7CB9589CA201}
	EndGlobalSection
	GlobalSection(ExtensibilityGlobals) = postSolution
		SolutionGuid = {64C181D6-B380-4983-B579-2F9C4B604EDE}
	EndGlobalSection
EndGlobal
