
Microsoft Visual Studio Solution File, Format Version 12.00
# Visual Studio Version 17
VisualStudioVersion = 17.3.32819.101
MinimumVisualStudioVersion = 10.0.40219.1
Project("{2150E333-8FDC-42A3-9474-1A3956D46DE8}") = "Ejercicio 2Bis", "Ejercicio 2Bis", "{E09F2A48-5657-45E6-8D71-276C8D3C5640}"
EndProject
Project("{FAE04EC0-301F-11D3-BF4B-00C04F79EFBC}") = "Ejercicio 2Bis", "Ejercicio 2Bis\Ejercicio 2Bis.csproj", "{F9B3BD31-5EDD-4E64-B058-D617CF6F1444}"
EndProject
Global
	GlobalSection(SolutionConfigurationPlatforms) = preSolution
		Debug|Any CPU = Debug|Any CPU
		Release|Any CPU = Release|Any CPU
	EndGlobalSection
	GlobalSection(ProjectConfigurationPlatforms) = postSolution
		{F9B3BD31-5EDD-4E64-B058-D617CF6F1444}.Debug|Any CPU.ActiveCfg = Debug|Any CPU
		{F9B3BD31-5EDD-4E64-B058-D617CF6F1444}.Debug|Any CPU.Build.0 = Debug|Any CPU
		{F9B3BD31-5EDD-4E64-B058-D617CF6F1444}.Release|Any CPU.ActiveCfg = Release|Any CPU
		{F9B3BD31-5EDD-4E64-B058-D617CF6F1444}.Release|Any CPU.Build.0 = Release|Any CPU
	EndGlobalSection
	GlobalSection(SolutionProperties) = preSolution
		HideSolutionNode = FALSE
	EndGlobalSection
	GlobalSection(NestedProjects) = preSolution
		{F9B3BD31-5EDD-4E64-B058-D617CF6F1444} = {E09F2A48-5657-45E6-8D71-276C8D3C5640}
	EndGlobalSection
	GlobalSection(ExtensibilityGlobals) = postSolution
		SolutionGuid = {1DD31FC2-B56F-4E1F-AB5A-F66B83392099}
	EndGlobalSection
EndGlobal
