
Microsoft Visual Studio Solution File, Format Version 12.00
# Visual Studio Version 17
VisualStudioVersion = 17.3.32819.101
MinimumVisualStudioVersion = 10.0.40219.1
Project("{FAE04EC0-301F-11D3-BF4B-00C04F79EFBC}") = "Vistas", "Vistas\Vistas.csproj", "{CAA644D8-65A0-4E45-9539-55E885F5CF96}"
EndProject
Project("{2150E333-8FDC-42A3-9474-1A3956D46DE8}") = "Práctica en Clase", "Práctica en Clase", "{9E30A2B5-1C09-4E6E-A066-BC98EB1AF283}"
EndProject
Global
	GlobalSection(SolutionConfigurationPlatforms) = preSolution
		Debug|Any CPU = Debug|Any CPU
		Release|Any CPU = Release|Any CPU
	EndGlobalSection
	GlobalSection(ProjectConfigurationPlatforms) = postSolution
		{CAA644D8-65A0-4E45-9539-55E885F5CF96}.Debug|Any CPU.ActiveCfg = Debug|Any CPU
		{CAA644D8-65A0-4E45-9539-55E885F5CF96}.Debug|Any CPU.Build.0 = Debug|Any CPU
		{CAA644D8-65A0-4E45-9539-55E885F5CF96}.Release|Any CPU.ActiveCfg = Release|Any CPU
		{CAA644D8-65A0-4E45-9539-55E885F5CF96}.Release|Any CPU.Build.0 = Release|Any CPU
	EndGlobalSection
	GlobalSection(SolutionProperties) = preSolution
		HideSolutionNode = FALSE
	EndGlobalSection
	GlobalSection(NestedProjects) = preSolution
		{CAA644D8-65A0-4E45-9539-55E885F5CF96} = {9E30A2B5-1C09-4E6E-A066-BC98EB1AF283}
	EndGlobalSection
	GlobalSection(ExtensibilityGlobals) = postSolution
		SolutionGuid = {79DDE2A4-69F1-408F-903D-B27D6A987404}
	EndGlobalSection
EndGlobal
