
Microsoft Visual Studio Solution File, Format Version 12.00
# Visual Studio Version 17
VisualStudioVersion = 17.3.32819.101
MinimumVisualStudioVersion = 10.0.40219.1
Project("{FAE04EC0-301F-11D3-BF4B-00C04F79EFBC}") = "Vistas", "Vistas\Vistas.csproj", "{FFD7BD1B-5D77-48FA-81D6-AD24113B9D23}"
EndProject
Global
	GlobalSection(SolutionConfigurationPlatforms) = preSolution
		Debug|Any CPU = Debug|Any CPU
		Release|Any CPU = Release|Any CPU
	EndGlobalSection
	GlobalSection(ProjectConfigurationPlatforms) = postSolution
		{FFD7BD1B-5D77-48FA-81D6-AD24113B9D23}.Debug|Any CPU.ActiveCfg = Debug|Any CPU
		{FFD7BD1B-5D77-48FA-81D6-AD24113B9D23}.Debug|Any CPU.Build.0 = Debug|Any CPU
		{FFD7BD1B-5D77-48FA-81D6-AD24113B9D23}.Release|Any CPU.ActiveCfg = Release|Any CPU
		{FFD7BD1B-5D77-48FA-81D6-AD24113B9D23}.Release|Any CPU.Build.0 = Release|Any CPU
	EndGlobalSection
	GlobalSection(SolutionProperties) = preSolution
		HideSolutionNode = FALSE
	EndGlobalSection
	GlobalSection(ExtensibilityGlobals) = postSolution
		SolutionGuid = {B0F05FBB-D038-48F6-9172-F9113A6E55DB}
	EndGlobalSection
EndGlobal
