
Microsoft Visual Studio Solution File, Format Version 12.00
# Visual Studio Version 17
VisualStudioVersion = 17.3.32819.101
MinimumVisualStudioVersion = 10.0.40219.1
Project("{FAE04EC0-301F-11D3-BF4B-00C04F79EFBC}") = "Archivos", "Archivos\Archivos.csproj", "{534009CD-401F-42C3-93E2-0F2410EA60D8}"
EndProject
Project("{FAE04EC0-301F-11D3-BF4B-00C04F79EFBC}") = "Entidades", "Entidades\Entidades.csproj", "{6185BA25-BAFC-461C-8FE7-D84EFF5ADC8A}"
EndProject
Global
	GlobalSection(SolutionConfigurationPlatforms) = preSolution
		Debug|Any CPU = Debug|Any CPU
		Release|Any CPU = Release|Any CPU
	EndGlobalSection
	GlobalSection(ProjectConfigurationPlatforms) = postSolution
		{534009CD-401F-42C3-93E2-0F2410EA60D8}.Debug|Any CPU.ActiveCfg = Debug|Any CPU
		{534009CD-401F-42C3-93E2-0F2410EA60D8}.Debug|Any CPU.Build.0 = Debug|Any CPU
		{534009CD-401F-42C3-93E2-0F2410EA60D8}.Release|Any CPU.ActiveCfg = Release|Any CPU
		{534009CD-401F-42C3-93E2-0F2410EA60D8}.Release|Any CPU.Build.0 = Release|Any CPU
		{6185BA25-BAFC-461C-8FE7-D84EFF5ADC8A}.Debug|Any CPU.ActiveCfg = Debug|Any CPU
		{6185BA25-BAFC-461C-8FE7-D84EFF5ADC8A}.Debug|Any CPU.Build.0 = Debug|Any CPU
		{6185BA25-BAFC-461C-8FE7-D84EFF5ADC8A}.Release|Any CPU.ActiveCfg = Release|Any CPU
		{6185BA25-BAFC-461C-8FE7-D84EFF5ADC8A}.Release|Any CPU.Build.0 = Release|Any CPU
	EndGlobalSection
	GlobalSection(SolutionProperties) = preSolution
		HideSolutionNode = FALSE
	EndGlobalSection
	GlobalSection(ExtensibilityGlobals) = postSolution
		SolutionGuid = {0E66AD6C-6E24-4F4C-B149-9D086D42BDB9}
	EndGlobalSection
EndGlobal
