
Microsoft Visual Studio Solution File, Format Version 12.00
# Visual Studio Version 17
VisualStudioVersion = 17.3.32819.101
MinimumVisualStudioVersion = 10.0.40219.1
Project("{FAE04EC0-301F-11D3-BF4B-00C04F79EFBC}") = "Practica en clase", "Practica en clase\Practica en clase.csproj", "{E7BFCCC6-A9D8-4309-91C4-461FBBFA1BD2}"
EndProject
Project("{2150E333-8FDC-42A3-9474-1A3956D46DE8}") = "Practica en clase", "Practica en clase", "{906DAB13-7A5F-4B66-9EE1-F10E11822AEB}"
EndProject
Global
	GlobalSection(SolutionConfigurationPlatforms) = preSolution
		Debug|Any CPU = Debug|Any CPU
		Release|Any CPU = Release|Any CPU
	EndGlobalSection
	GlobalSection(ProjectConfigurationPlatforms) = postSolution
		{E7BFCCC6-A9D8-4309-91C4-461FBBFA1BD2}.Debug|Any CPU.ActiveCfg = Debug|Any CPU
		{E7BFCCC6-A9D8-4309-91C4-461FBBFA1BD2}.Debug|Any CPU.Build.0 = Debug|Any CPU
		{E7BFCCC6-A9D8-4309-91C4-461FBBFA1BD2}.Release|Any CPU.ActiveCfg = Release|Any CPU
		{E7BFCCC6-A9D8-4309-91C4-461FBBFA1BD2}.Release|Any CPU.Build.0 = Release|Any CPU
	EndGlobalSection
	GlobalSection(SolutionProperties) = preSolution
		HideSolutionNode = FALSE
	EndGlobalSection
	GlobalSection(NestedProjects) = preSolution
		{E7BFCCC6-A9D8-4309-91C4-461FBBFA1BD2} = {906DAB13-7A5F-4B66-9EE1-F10E11822AEB}
	EndGlobalSection
	GlobalSection(ExtensibilityGlobals) = postSolution
		SolutionGuid = {A580246F-0C99-4238-B307-E2F83800D75E}
	EndGlobalSection
EndGlobal
