
Microsoft Visual Studio Solution File, Format Version 12.00
# Visual Studio Version 17
VisualStudioVersion = 17.3.32819.101
MinimumVisualStudioVersion = 10.0.40219.1
Project("{9A19103F-16F7-4668-BE54-9A1E7A4F7556}") = "2022-08-24 1", "1\2022-08-24 1.csproj", "{4E5D2163-8CD8-44BA-92F3-253BC60066A1}"
EndProject
Project("{9A19103F-16F7-4668-BE54-9A1E7A4F7556}") = "2022-08-24 Ejercicio 1", "Ejercicio 1\2022-08-24 Ejercicio 1.csproj", "{DC340D94-1FD6-4EAA-BA23-5E81C8BCFE7C}"
EndProject
Project("{2150E333-8FDC-42A3-9474-1A3956D46DE8}") = "2022-08-24 Clase 1", "2022-08-24 Clase 1", "{A4A9408B-74A9-492F-B2B3-BD0CED073887}"
EndProject
Project("{9A19103F-16F7-4668-BE54-9A1E7A4F7556}") = "2022-08-24 Ejercicio 2", "2022-08-04 Ejercicio 2\2022-08-24 Ejercicio 2.csproj", "{FD92E16A-31EE-4CF9-88FD-0D3241E40B7E}"
EndProject
Project("{9A19103F-16F7-4668-BE54-9A1E7A4F7556}") = "2022-08-24 Ejercicio 3", "2022-08-04 Ejercicio 3\2022-08-24 Ejercicio 3.csproj", "{59483F94-21B9-4548-A607-055F0BC16E1B}"
EndProject
Project("{2150E333-8FDC-42A3-9474-1A3956D46DE8}") = "2022-08-25 Clase 2", "2022-08-25 Clase 2", "{3F5624B8-C2A8-4132-A3F0-BA31AD6339B4}"
EndProject
Project("{FAE04EC0-301F-11D3-BF4B-00C04F79EFBC}") = "2022-08-25 Ejercicio 1", "2022-08-25 Ejercicio 1\2022-08-25 Ejercicio 1.csproj", "{C62F7EA7-DBF1-4DA1-985E-5D0338E3AD50}"
EndProject
Global
	GlobalSection(SolutionConfigurationPlatforms) = preSolution
		Debug|Any CPU = Debug|Any CPU
		Release|Any CPU = Release|Any CPU
	EndGlobalSection
	GlobalSection(ProjectConfigurationPlatforms) = postSolution
		{4E5D2163-8CD8-44BA-92F3-253BC60066A1}.Debug|Any CPU.ActiveCfg = Debug|Any CPU
		{4E5D2163-8CD8-44BA-92F3-253BC60066A1}.Debug|Any CPU.Build.0 = Debug|Any CPU
		{4E5D2163-8CD8-44BA-92F3-253BC60066A1}.Release|Any CPU.ActiveCfg = Release|Any CPU
		{4E5D2163-8CD8-44BA-92F3-253BC60066A1}.Release|Any CPU.Build.0 = Release|Any CPU
		{DC340D94-1FD6-4EAA-BA23-5E81C8BCFE7C}.Debug|Any CPU.ActiveCfg = Debug|Any CPU
		{DC340D94-1FD6-4EAA-BA23-5E81C8BCFE7C}.Debug|Any CPU.Build.0 = Debug|Any CPU
		{DC340D94-1FD6-4EAA-BA23-5E81C8BCFE7C}.Release|Any CPU.ActiveCfg = Release|Any CPU
		{DC340D94-1FD6-4EAA-BA23-5E81C8BCFE7C}.Release|Any CPU.Build.0 = Release|Any CPU
		{FD92E16A-31EE-4CF9-88FD-0D3241E40B7E}.Debug|Any CPU.ActiveCfg = Debug|Any CPU
		{FD92E16A-31EE-4CF9-88FD-0D3241E40B7E}.Debug|Any CPU.Build.0 = Debug|Any CPU
		{FD92E16A-31EE-4CF9-88FD-0D3241E40B7E}.Release|Any CPU.ActiveCfg = Release|Any CPU
		{FD92E16A-31EE-4CF9-88FD-0D3241E40B7E}.Release|Any CPU.Build.0 = Release|Any CPU
		{59483F94-21B9-4548-A607-055F0BC16E1B}.Debug|Any CPU.ActiveCfg = Debug|Any CPU
		{59483F94-21B9-4548-A607-055F0BC16E1B}.Debug|Any CPU.Build.0 = Debug|Any CPU
		{59483F94-21B9-4548-A607-055F0BC16E1B}.Release|Any CPU.ActiveCfg = Release|Any CPU
		{59483F94-21B9-4548-A607-055F0BC16E1B}.Release|Any CPU.Build.0 = Release|Any CPU
		{C62F7EA7-DBF1-4DA1-985E-5D0338E3AD50}.Debug|Any CPU.ActiveCfg = Debug|Any CPU
		{C62F7EA7-DBF1-4DA1-985E-5D0338E3AD50}.Debug|Any CPU.Build.0 = Debug|Any CPU
		{C62F7EA7-DBF1-4DA1-985E-5D0338E3AD50}.Release|Any CPU.ActiveCfg = Release|Any CPU
		{C62F7EA7-DBF1-4DA1-985E-5D0338E3AD50}.Release|Any CPU.Build.0 = Release|Any CPU
	EndGlobalSection
	GlobalSection(SolutionProperties) = preSolution
		HideSolutionNode = FALSE
	EndGlobalSection
	GlobalSection(NestedProjects) = preSolution
		{4E5D2163-8CD8-44BA-92F3-253BC60066A1} = {A4A9408B-74A9-492F-B2B3-BD0CED073887}
		{DC340D94-1FD6-4EAA-BA23-5E81C8BCFE7C} = {A4A9408B-74A9-492F-B2B3-BD0CED073887}
		{FD92E16A-31EE-4CF9-88FD-0D3241E40B7E} = {A4A9408B-74A9-492F-B2B3-BD0CED073887}
		{59483F94-21B9-4548-A607-055F0BC16E1B} = {A4A9408B-74A9-492F-B2B3-BD0CED073887}
		{C62F7EA7-DBF1-4DA1-985E-5D0338E3AD50} = {3F5624B8-C2A8-4132-A3F0-BA31AD6339B4}
	EndGlobalSection
	GlobalSection(ExtensibilityGlobals) = postSolution
		SolutionGuid = {FBB31B41-6452-49F6-B33D-913C8578F818}
	EndGlobalSection
EndGlobal
